
Microsoft Visual Studio Solution File, Format Version 12.00
# Visual Studio Version 17
VisualStudioVersion = 17.5.33516.290
MinimumVisualStudioVersion = 10.0.40219.1
Project("{9A19103F-16F7-4668-BE54-9A1E7A4F7556}") = "Smash Cats", "Smash Cats\Smash Cats.csproj", "{2F6483B6-44FE-48CF-AEEC-5BB2FD23225A}"
EndProject
Project("{FAE04EC0-301F-11D3-BF4B-00C04F79EFBC}") = "Smash Cats API", "Smash Cats API\Smash Cats API.csproj", "{9CF02768-C036-4675-897A-92192F6E1579}"
EndProject
Global
	GlobalSection(SolutionConfigurationPlatforms) = preSolution
		Debug|Any CPU = Debug|Any CPU
		Release|Any CPU = Release|Any CPU
	EndGlobalSection
	GlobalSection(ProjectConfigurationPlatforms) = postSolution
		{2F6483B6-44FE-48CF-AEEC-5BB2FD23225A}.Debug|Any CPU.ActiveCfg = Debug|Any CPU
		{2F6483B6-44FE-48CF-AEEC-5BB2FD23225A}.Debug|Any CPU.Build.0 = Debug|Any CPU
		{2F6483B6-44FE-48CF-AEEC-5BB2FD23225A}.Release|Any CPU.ActiveCfg = Release|Any CPU
		{2F6483B6-44FE-48CF-AEEC-5BB2FD23225A}.Release|Any CPU.Build.0 = Release|Any CPU
		{9CF02768-C036-4675-897A-92192F6E1579}.Debug|Any CPU.ActiveCfg = Debug|Any CPU
		{9CF02768-C036-4675-897A-92192F6E1579}.Debug|Any CPU.Build.0 = Debug|Any CPU
		{9CF02768-C036-4675-897A-92192F6E1579}.Release|Any CPU.ActiveCfg = Release|Any CPU
		{9CF02768-C036-4675-897A-92192F6E1579}.Release|Any CPU.Build.0 = Release|Any CPU
	EndGlobalSection
	GlobalSection(SolutionProperties) = preSolution
		HideSolutionNode = FALSE
	EndGlobalSection
	GlobalSection(ExtensibilityGlobals) = postSolution
		SolutionGuid = {0A8A4918-5A03-4AD4-8FF3-C9840A2F8F98}
	EndGlobalSection
EndGlobal
